// !$*UTF8*$!
{
	archiveVersion = 1;
	classes = {
	};
	objectVersion = 55;
	objects = {

/* Begin PBXBuildFile section */
		4986EE69276242AC00C46FA7 /* AppDelegate.swift in Sources */ = {isa = PBXBuildFile; fileRef = 4986EE68276242AC00C46FA7 /* AppDelegate.swift */; };
		4986EE6B276242AC00C46FA7 /* SceneDelegate.swift in Sources */ = {isa = PBXBuildFile; fileRef = 4986EE6A276242AC00C46FA7 /* SceneDelegate.swift */; };
		4986EE6D276242AC00C46FA7 /* ViewController.swift in Sources */ = {isa = PBXBuildFile; fileRef = 4986EE6C276242AC00C46FA7 /* ViewController.swift */; };
		4986EE72276242AD00C46FA7 /* Assets.xcassets in Resources */ = {isa = PBXBuildFile; fileRef = 4986EE71276242AD00C46FA7 /* Assets.xcassets */; };
		4986EE75276242AD00C46FA7 /* LaunchScreen.storyboard in Resources */ = {isa = PBXBuildFile; fileRef = 4986EE73276242AD00C46FA7 /* LaunchScreen.storyboard */; };
		4986EE7E2762437900C46FA7 /* SnapKit in Frameworks */ = {isa = PBXBuildFile; productRef = 4986EE7D2762437900C46FA7 /* SnapKit */; };
		4986EE81276243A100C46FA7 /* RxCocoa in Frameworks */ = {isa = PBXBuildFile; productRef = 4986EE80276243A100C46FA7 /* RxCocoa */; };
		4986EE83276243A100C46FA7 /* RxRelay in Frameworks */ = {isa = PBXBuildFile; productRef = 4986EE82276243A100C46FA7 /* RxRelay */; };
		4986EE85276243A100C46FA7 /* RxSwift in Frameworks */ = {isa = PBXBuildFile; productRef = 4986EE84276243A100C46FA7 /* RxSwift */; };
/* End PBXBuildFile section */

/* Begin PBXFileReference section */
		4986EE65276242AC00C46FA7 /* GCDTimer.app */ = {isa = PBXFileReference; explicitFileType = wrapper.application; includeInIndex = 0; path = GCDTimer.app; sourceTree = BUILT_PRODUCTS_DIR; };
		4986EE68276242AC00C46FA7 /* AppDelegate.swift */ = {isa = PBXFileReference; lastKnownFileType = sourcecode.swift; path = AppDelegate.swift; sourceTree = "<group>"; };
		4986EE6A276242AC00C46FA7 /* SceneDelegate.swift */ = {isa = PBXFileReference; lastKnownFileType = sourcecode.swift; path = SceneDelegate.swift; sourceTree = "<group>"; };
		4986EE6C276242AC00C46FA7 /* ViewController.swift */ = {isa = PBXFileReference; lastKnownFileType = sourcecode.swift; path = ViewController.swift; sourceTree = "<group>"; };
		4986EE71276242AD00C46FA7 /* Assets.xcassets */ = {isa = PBXFileReference; lastKnownFileType = folder.assetcatalog; path = Assets.xcassets; sourceTree = "<group>"; };
		4986EE74276242AD00C46FA7 /* Base */ = {isa = PBXFileReference; lastKnownFileType = file.storyboard; name = Base; path = Base.lproj/LaunchScreen.storyboard; sourceTree = "<group>"; };
		4986EE76276242AD00C46FA7 /* Info.plist */ = {isa = PBXFileReference; lastKnownFileType = text.plist.xml; path = Info.plist; sourceTree = "<group>"; };
/* End PBXFileReference section */

/* Begin PBXFrameworksBuildPhase section */
		4986EE62276242AC00C46FA7 /* Frameworks */ = {
			isa = PBXFrameworksBuildPhase;
			buildActionMask = 2147483647;
			files = (
				4986EE83276243A100C46FA7 /* RxRelay in Frameworks */,
				4986EE81276243A100C46FA7 /* RxCocoa in Frameworks */,
				4986EE85276243A100C46FA7 /* RxSwift in Frameworks */,
				4986EE7E2762437900C46FA7 /* SnapKit in Frameworks */,
			);
			runOnlyForDeploymentPostprocessing = 0;
		};
/* End PBXFrameworksBuildPhase section */

/* Begin PBXGroup section */
		4986EE5C276242AC00C46FA7 = {
			isa = PBXGroup;
			children = (
				4986EE67276242AC00C46FA7 /* GCDTimer */,
				4986EE66276242AC00C46FA7 /* Products */,
			);
			sourceTree = "<group>";
		};
		4986EE66276242AC00C46FA7 /* Products */ = {
			isa = PBXGroup;
			children = (
				4986EE65276242AC00C46FA7 /* GCDTimer.app */,
			);
			name = Products;
			sourceTree = "<group>";
		};
		4986EE67276242AC00C46FA7 /* GCDTimer */ = {
			isa = PBXGroup;
			children = (
				4986EE68276242AC00C46FA7 /* AppDelegate.swift */,
				4986EE6A276242AC00C46FA7 /* SceneDelegate.swift */,
				4986EE6C276242AC00C46FA7 /* ViewController.swift */,
				4986EE71276242AD00C46FA7 /* Assets.xcassets */,
				4986EE73276242AD00C46FA7 /* LaunchScreen.storyboard */,
				4986EE76276242AD00C46FA7 /* Info.plist */,
			);
			path = GCDTimer;
			sourceTree = "<group>";
		};
/* End PBXGroup section */

/* Begin PBXNativeTarget section */
		4986EE64276242AC00C46FA7 /* GCDTimer */ = {
			isa = PBXNativeTarget;
			buildConfigurationList = 4986EE79276242AD00C46FA7 /* Build configuration list for PBXNativeTarget "GCDTimer" */;
			buildPhases = (
				4986EE61276242AC00C46FA7 /* Sources */,
				4986EE62276242AC00C46FA7 /* Frameworks */,
				4986EE63276242AC00C46FA7 /* Resources */,
			);
			buildRules = (
			);
			dependencies = (
			);
			name = GCDTimer;
			packageProductDependencies = (
				4986EE7D2762437900C46FA7 /* SnapKit */,
				4986EE80276243A100C46FA7 /* RxCocoa */,
				4986EE82276243A100C46FA7 /* RxRelay */,
				4986EE84276243A100C46FA7 /* RxSwift */,
			);
			productName = GCDTimer;
			productReference = 4986EE65276242AC00C46FA7 /* GCDTimer.app */;
			productType = "com.apple.product-type.application";
		};
/* End PBXNativeTarget section */

/* Begin PBXProject section */
		4986EE5D276242AC00C46FA7 /* Project object */ = {
			isa = PBXProject;
			attributes = {
				BuildIndependentTargetsInParallel = 1;
				LastSwiftUpdateCheck = 1310;
				LastUpgradeCheck = 1310;
				TargetAttributes = {
					4986EE64276242AC00C46FA7 = {
						CreatedOnToolsVersion = 13.1;
					};
				};
			};
			buildConfigurationList = 4986EE60276242AC00C46FA7 /* Build configuration list for PBXProject "GCDTimer" */;
			compatibilityVersion = "Xcode 13.0";
			developmentRegion = en;
			hasScannedForEncodings = 0;
			knownRegions = (
				en,
				Base,
			);
			mainGroup = 4986EE5C276242AC00C46FA7;
			packageReferences = (
				4986EE7C2762437900C46FA7 /* XCRemoteSwiftPackageReference "SnapKit" */,
				4986EE7F276243A100C46FA7 /* XCRemoteSwiftPackageReference "RxSwift" */,
			);
			productRefGroup = 4986EE66276242AC00C46FA7 /* Products */;
			projectDirPath = "";
			projectRoot = "";
			targets = (
				4986EE64276242AC00C46FA7 /* GCDTimer */,
			);
		};
/* End PBXProject section */

/* Begin PBXResourcesBuildPhase section */
		4986EE63276242AC00C46FA7 /* Resources */ = {
			isa = PBXResourcesBuildPhase;
			buildActionMask = 2147483647;
			files = (
				4986EE75276242AD00C46FA7 /* LaunchScreen.storyboard in Resources */,
				4986EE72276242AD00C46FA7 /* Assets.xcassets in Resources */,
			);
			runOnlyForDeploymentPostprocessing = 0;
		};
/* End PBXResourcesBuildPhase section */

/* Begin PBXSourcesBuildPhase section */
		4986EE61276242AC00C46FA7 /* Sources */ = {
			isa = PBXSourcesBuildPhase;
			buildActionMask = 2147483647;
			files = (
				4986EE6D276242AC00C46FA7 /* ViewController.swift in Sources */,
				4986EE69276242AC00C46FA7 /* AppDelegate.swift in Sources */,
				4986EE6B276242AC00C46FA7 /* SceneDelegate.swift in Sources */,
			);
			runOnlyForDeploymentPostprocessing = 0;
		};
/* End PBXSourcesBuildPhase section */

/* Begin PBXVariantGroup section */
		4986EE73276242AD00C46FA7 /* LaunchScreen.storyboard */ = {
			isa = PBXVariantGroup;
			children = (
				4986EE74276242AD00C46FA7 /* Base */,
			);
			name = LaunchScreen.storyboard;
			sourceTree = "<group>";
		};
/* End PBXVariantGroup section */

/* Begin XCBuildConfiguration section */
		4986EE77276242AD00C46FA7 /* Debug */ = {
			isa = XCBuildConfiguration;
			buildSettings = {
				ALWAYS_SEARCH_USER_PATHS = NO;
				CLANG_ANALYZER_NONNULL = YES;
				CLANG_ANALYZER_NUMBER_OBJECT_CONVERSION = YES_AGGRESSIVE;
				CLANG_CXX_LANGUAGE_STANDARD = "gnu++17";
				CLANG_CXX_LIBRARY = "libc++";
				CLANG_ENABLE_MODULES = YES;
				CLANG_ENABLE_OBJC_ARC = YES;
				CLANG_ENABLE_OBJC_WEAK = YES;
				CLANG_WARN_BLOCK_CAPTURE_AUTORELEASING = YES;
				CLANG_WARN_BOOL_CONVERSION = YES;
				CLANG_WARN_COMMA = YES;
				CLANG_WARN_CONSTANT_CONVERSION = YES;
				CLANG_WARN_DEPRECATED_OBJC_IMPLEMENTATIONS = YES;
				CLANG_WARN_DIRECT_OBJC_ISA_USAGE = YES_ERROR;
				CLANG_WARN_DOCUMENTATION_COMMENTS = YES;
				CLANG_WARN_EMPTY_BODY = YES;
				CLANG_WARN_ENUM_CONVERSION = YES;
				CLANG_WARN_INFINITE_RECURSION = YES;
				CLANG_WARN_INT_CONVERSION = YES;
				CLANG_WARN_NON_LITERAL_NULL_CONVERSION = YES;
				CLANG_WARN_OBJC_IMPLICIT_RETAIN_SELF = YES;
				CLANG_WARN_OBJC_LITERAL_CONVERSION = YES;
				CLANG_WARN_OBJC_ROOT_CLASS = YES_ERROR;
				CLANG_WARN_QUOTED_INCLUDE_IN_FRAMEWORK_HEADER = YES;
				CLANG_WARN_RANGE_LOOP_ANALYSIS = YES;
				CLANG_WARN_STRICT_PROTOTYPES = YES;
				CLANG_WARN_SUSPICIOUS_MOVE = YES;
				CLANG_WARN_UNGUARDED_AVAILABILITY = YES_AGGRESSIVE;
				CLANG_WARN_UNREACHABLE_CODE = YES;
				CLANG_WARN__DUPLICATE_METHOD_MATCH = YES;
				COPY_PHASE_STRIP = NO;
				DEBUG_INFORMATION_FORMAT = dwarf;
				ENABLE_STRICT_OBJC_MSGSEND = YES;
				ENABLE_TESTABILITY = YES;
				GCC_C_LANGUAGE_STANDARD = gnu11;
				GCC_DYNAMIC_NO_PIC = NO;
				GCC_NO_COMMON_BLOCKS = YES;
				GCC_OPTIMIZATION_LEVEL = 0;
				GCC_PREPROCESSOR_DEFINITIONS = (
					"DEBUG=1",
					"$(inherited)",
				);
				GCC_WARN_64_TO_32_BIT_CONVERSION = YES;
				GCC_WARN_ABOUT_RETURN_TYPE = YES_ERROR;
				GCC_WARN_UNDECLARED_SELECTOR = YES;
				GCC_WARN_UNINITIALIZED_AUTOS = YES_AGGRESSIVE;
				GCC_WARN_UNUSED_FUNCTION = YES;
				GCC_WARN_UNUSED_VARIABLE = YES;
				IPHONEOS_DEPLOYMENT_TARGET = 15.0;
				MTL_ENABLE_DEBUG_INFO = INCLUDE_SOURCE;
				MTL_FAST_MATH = YES;
				ONLY_ACTIVE_ARCH = YES;
				SDKROOT = iphoneos;
				SWIFT_ACTIVE_COMPILATION_CONDITIONS = DEBUG;
				SWIFT_OPTIMIZATION_LEVEL = "-Onone";
			};
			name = Debug;
		};
		4986EE78276242AD00C46FA7 /* Release */ = {
			isa = XCBuildConfiguration;
			buildSettings = {
				ALWAYS_SEARCH_USER_PATHS = NO;
				CLANG_ANALYZER_NONNULL = YES;
				CLANG_ANALYZER_NUMBER_OBJECT_CONVERSION = YES_AGGRESSIVE;
				CLANG_CXX_LANGUAGE_STANDARD = "gnu++17";
				CLANG_CXX_LIBRARY = "libc++";
				CLANG_ENABLE_MODULES = YES;
				CLANG_ENABLE_OBJC_ARC = YES;
				CLANG_ENABLE_OBJC_WEAK = YES;
				CLANG_WARN_BLOCK_CAPTURE_AUTORELEASING = YES;
				CLANG_WARN_BOOL_CONVERSION = YES;
				CLANG_WARN_COMMA = YES;
				CLANG_WARN_CONSTANT_CONVERSION = YES;
				CLANG_WARN_DEPRECATED_OBJC_IMPLEMENTATIONS = YES;
				CLANG_WARN_DIRECT_OBJC_ISA_USAGE = YES_ERROR;
				CLANG_WARN_DOCUMENTATION_COMMENTS = YES;
				CLANG_WARN_EMPTY_BODY = YES;
				CLANG_WARN_ENUM_CONVERSION = YES;
				CLANG_WARN_INFINITE_RECURSION = YES;
				CLANG_WARN_INT_CONVERSION = YES;
				CLANG_WARN_NON_LITERAL_NULL_CONVERSION = YES;
				CLANG_WARN_OBJC_IMPLICIT_RETAIN_SELF = YES;
				CLANG_WARN_OBJC_LITERAL_CONVERSION = YES;
				CLANG_WARN_OBJC_ROOT_CLASS = YES_ERROR;
				CLANG_WARN_QUOTED_INCLUDE_IN_FRAMEWORK_HEADER = YES;
				CLANG_WARN_RANGE_LOOP_ANALYSIS = YES;
				CLANG_WARN_STRICT_PROTOTYPES = YES;
				CLANG_WARN_SUSPICIOUS_MOVE = YES;
				CLANG_WARN_UNGUARDED_AVAILABILITY = YES_AGGRESSIVE;
				CLANG_WARN_UNREACHABLE_CODE = YES;
				CLANG_WARN__DUPLICATE_METHOD_MATCH = YES;
				COPY_PHASE_STRIP = NO;
				DEBUG_INFORMATION_FORMAT = "dwarf-with-dsym";
				ENABLE_NS_ASSERTIONS = NO;
				ENABLE_STRICT_OBJC_MSGSEND = YES;
				GCC_C_LANGUAGE_STANDARD = gnu11;
				GCC_NO_COMMON_BLOCKS = YES;
				GCC_WARN_64_TO_32_BIT_CONVERSION = YES;
				GCC_WARN_ABOUT_RETURN_TYPE = YES_ERROR;
				GCC_WARN_UNDECLARED_SELECTOR = YES;
				GCC_WARN_UNINITIALIZED_AUTOS = YES_AGGRESSIVE;
				GCC_WARN_UNUSED_FUNCTION = YES;
				GCC_WARN_UNUSED_VARIABLE = YES;
				IPHONEOS_DEPLOYMENT_TARGET = 15.0;
				MTL_ENABLE_DEBUG_INFO = NO;
				MTL_FAST_MATH = YES;
				SDKROOT = iphoneos;
				SWIFT_COMPILATION_MODE = wholemodule;
				SWIFT_OPTIMIZATION_LEVEL = "-O";
				VALIDATE_PRODUCT = YES;
			};
			name = Release;
		};
		4986EE7A276242AD00C46FA7 /* Debug */ = {
			isa = XCBuildConfiguration;
			buildSettings = {
				ASSETCATALOG_COMPILER_APPICON_NAME = AppIcon;
				ASSETCATALOG_COMPILER_GLOBAL_ACCENT_COLOR_NAME = AccentColor;
				CODE_SIGN_STYLE = Automatic;
				CURRENT_PROJECT_VERSION = 1;
				DEVELOPMENT_TEAM = 6LL6SWW7S3;
				GENERATE_INFOPLIST_FILE = YES;
				INFOPLIST_FILE = GCDTimer/Info.plist;
				INFOPLIST_KEY_UIApplicationSupportsIndirectInputEvents = YES;
				INFOPLIST_KEY_UILaunchStoryboardName = LaunchScreen;
				INFOPLIST_KEY_UISupportedInterfaceOrientations_iPad = "UIInterfaceOrientationPortrait UIInterfaceOrientationPortraitUpsideDown UIInterfaceOrientationLandscapeLeft UIInterfaceOrientationLandscapeRight";
				INFOPLIST_KEY_UISupportedInterfaceOrientations_iPhone = "UIInterfaceOrientationPortrait UIInterfaceOrientationLandscapeLeft UIInterfaceOrientationLandscapeRight";
				IPHONEOS_DEPLOYMENT_TARGET = 14.3;
				LD_RUNPATH_SEARCH_PATHS = (
					"$(inherited)",
					"@executable_path/Frameworks",
				);
				MARKETING_VERSION = 1.0;
				PRODUCT_BUNDLE_IDENTIFIER = com.GanNaSong.GCDTimer;
				PRODUCT_NAME = "$(TARGET_NAME)";
				SWIFT_EMIT_LOC_STRINGS = YES;
				SWIFT_VERSION = 5.0;
				TARGETED_DEVICE_FAMILY = "1,2";
			};
			name = Debug;
		};
		4986EE7B276242AD00C46FA7 /* Release */ = {
			isa = XCBuildConfiguration;
			buildSettings = {
				ASSETCATALOG_COMPILER_APPICON_NAME = AppIcon;
				ASSETCATALOG_COMPILER_GLOBAL_ACCENT_COLOR_NAME = AccentColor;
				CODE_SIGN_STYLE = Automatic;
				CURRENT_PROJECT_VERSION = 1;
				DEVELOPMENT_TEAM = 6LL6SWW7S3;
				GENERATE_INFOPLIST_FILE = YES;
				INFOPLIST_FILE = GCDTimer/Info.plist;
				INFOPLIST_KEY_UIApplicationSupportsIndirectInputEvents = YES;
				INFOPLIST_KEY_UILaunchStoryboardName = LaunchScreen;
				INFOPLIST_KEY_UISupportedInterfaceOrientations_iPad = "UIInterfaceOrientationPortrait UIInterfaceOrientationPortraitUpsideDown UIInterfaceOrientationLandscapeLeft UIInterfaceOrientationLandscapeRight";
				INFOPLIST_KEY_UISupportedInterfaceOrientations_iPhone = "UIInterfaceOrientationPortrait UIInterfaceOrientationLandscapeLeft UIInterfaceOrientationLandscapeRight";
				IPHONEOS_DEPLOYMENT_TARGET = 14.3;
				LD_RUNPATH_SEARCH_PATHS = (
					"$(inherited)",
					"@executable_path/Frameworks",
				);
				MARKETING_VERSION = 1.0;
				PRODUCT_BUNDLE_IDENTIFIER = com.GanNaSong.GCDTimer;
				PRODUCT_NAME = "$(TARGET_NAME)";
				SWIFT_EMIT_LOC_STRINGS = YES;
				SWIFT_VERSION = 5.0;
				TARGETED_DEVICE_FAMILY = "1,2";
			};
			name = Release;
		};
/* End XCBuildConfiguration section */

/* Begin XCConfigurationList section */
		4986EE60276242AC00C46FA7 /* Build configuration list for PBXProject "GCDTimer" */ = {
			isa = XCConfigurationList;
			buildConfigurations = (
				4986EE77276242AD00C46FA7 /* Debug */,
				4986EE78276242AD00C46FA7 /* Release */,
			);
			defaultConfigurationIsVisible = 0;
			defaultConfigurationName = Release;
		};
		4986EE79276242AD00C46FA7 /* Build configuration list for PBXNativeTarget "GCDTimer" */ = {
			isa = XCConfigurationList;
			buildConfigurations = (
				4986EE7A276242AD00C46FA7 /* Debug */,
				4986EE7B276242AD00C46FA7 /* Release */,
			);
			defaultConfigurationIsVisible = 0;
			defaultConfigurationName = Release;
		};
/* End XCConfigurationList section */

/* Begin XCRemoteSwiftPackageReference section */
		4986EE7C2762437900C46FA7 /* XCRemoteSwiftPackageReference "SnapKit" */ = {
			isa = XCRemoteSwiftPackageReference;
			repositoryURL = "https://github.com/SnapKit/SnapKit.git";
			requirement = {
				branch = develop;
				kind = branch;
			};
		};
		4986EE7F276243A100C46FA7 /* XCRemoteSwiftPackageReference "RxSwift" */ = {
			isa = XCRemoteSwiftPackageReference;
			repositoryURL = "https://github.com/ReactiveX/RxSwift.git";
			requirement = {
				kind = upToNextMajorVersion;
				minimumVersion = 6.0.0;
			};
		};
/* End XCRemoteSwiftPackageReference section */

/* Begin XCSwiftPackageProductDependency section */
		4986EE7D2762437900C46FA7 /* SnapKit */ = {
			isa = XCSwiftPackageProductDependency;
			package = 4986EE7C2762437900C46FA7 /* XCRemoteSwiftPackageReference "SnapKit" */;
			productName = SnapKit;
		};
		4986EE80276243A100C46FA7 /* RxCocoa */ = {
			isa = XCSwiftPackageProductDependency;
			package = 4986EE7F276243A100C46FA7 /* XCRemoteSwiftPackageReference "RxSwift" */;
			productName = RxCocoa;
		};
		4986EE82276243A100C46FA7 /* RxRelay */ = {
			isa = XCSwiftPackageProductDependency;
			package = 4986EE7F276243A100C46FA7 /* XCRemoteSwiftPackageReference "RxSwift" */;
			productName = RxRelay;
		};
		4986EE84276243A100C46FA7 /* RxSwift */ = {
			isa = XCSwiftPackageProductDependency;
			package = 4986EE7F276243A100C46FA7 /* XCRemoteSwiftPackageReference "RxSwift" */;
			productName = RxSwift;
		};
/* End XCSwiftPackageProductDependency section */
	};
	rootObject = 4986EE5D276242AC00C46FA7 /* Project object */;
}
